
Microsoft Visual Studio Solution File, Format Version 12.00
# Visual Studio Version 17
VisualStudioVersion = 17.0.32112.339
MinimumVisualStudioVersion = 10.0.40219.1
Project("{FAE04EC0-301F-11D3-BF4B-00C04F79EFBC}") = "Deeplay.Teplov.TestWork", "Deeplay.Teplov.TestWork\Deeplay.Teplov.TestWork.csproj", "{BD094929-CFAE-404B-8E6B-8463DABFB155}"
EndProject
Global
	GlobalSection(SolutionConfigurationPlatforms) = preSolution
		Debug|Any CPU = Debug|Any CPU
		Release|Any CPU = Release|Any CPU
	EndGlobalSection
	GlobalSection(ProjectConfigurationPlatforms) = postSolution
		{BD094929-CFAE-404B-8E6B-8463DABFB155}.Debug|Any CPU.ActiveCfg = Debug|Any CPU
		{BD094929-CFAE-404B-8E6B-8463DABFB155}.Debug|Any CPU.Build.0 = Debug|Any CPU
		{BD094929-CFAE-404B-8E6B-8463DABFB155}.Release|Any CPU.ActiveCfg = Release|Any CPU
		{BD094929-CFAE-404B-8E6B-8463DABFB155}.Release|Any CPU.Build.0 = Release|Any CPU
	EndGlobalSection
	GlobalSection(SolutionProperties) = preSolution
		HideSolutionNode = FALSE
	EndGlobalSection
	GlobalSection(ExtensibilityGlobals) = postSolution
		SolutionGuid = {B249C55E-F8C5-4AD9-8116-2828E505EF9F}
	EndGlobalSection
EndGlobal
